# THIS IS AN AUTOGENERATED FILE. DO NOT EDIT THIS FILE DIRECTLY.
# yarn lockfile v1


"@actions/core@^1.10.1":
  version "1.10.1"
  resolved "https://registry.yarnpkg.com/@actions/core/-/core-1.10.1.tgz#61108e7ac40acae95ee36da074fa5850ca4ced8a"
  integrity sha512-3lBR9EDAY+iYIpTnTIXmWcNbX3T2kCkAEQGIQx4NVQ0575nk2k3GRZDTPQG+vVtS2izSLmINlxXf0uLtnrTP+g==
  dependencies:
    "@actions/http-client" "^2.0.1"
    uuid "^8.3.2"

"@actions/exec@^1.1.1":
  version "1.1.1"
  resolved "https://registry.yarnpkg.com/@actions/exec/-/exec-1.1.1.tgz#2e43f28c54022537172819a7cf886c844221a611"
  integrity sha512-+sCcHHbVdk93a0XT19ECtO/gIXoxvdsgQLzb2fE2/5sIZmWQuluYyjPQtrtTHdU1YzTZ7bAPN4sITq2xi1679w==
  dependencies:
    "@actions/io" "^1.0.1"

"@actions/github@^6.0.0":
  version "6.0.0"
  resolved "https://registry.yarnpkg.com/@actions/github/-/github-6.0.0.tgz#65883433f9d81521b782a64cc1fd45eef2191ea7"
  integrity sha512-alScpSVnYmjNEXboZjarjukQEzgCRmjMv6Xj47fsdnqGS73bjJNDpiiXmp8jr0UZLdUB6d9jW63IcmddUP+l0g==
  dependencies:
    "@actions/http-client" "^2.2.0"
    "@octokit/core" "^5.0.1"
    "@octokit/plugin-paginate-rest" "^9.0.0"
    "@octokit/plugin-rest-endpoint-methods" "^10.0.0"

"@actions/http-client@^2.0.1", "@actions/http-client@^2.2.0":
  version "2.2.1"
  resolved "https://registry.yarnpkg.com/@actions/http-client/-/http-client-2.2.1.tgz#ed3fe7a5a6d317ac1d39886b0bb999ded229bb38"
  integrity sha512-KhC/cZsq7f8I4LfZSJKgCvEwfkE8o1538VoBeoGzokVLLnbFDEAdFD3UhoMklxo2un9NJVBdANOresx7vTHlHw==
  dependencies:
    tunnel "^0.0.6"
    undici "^5.25.4"

"@actions/io@^1.0.1":
  version "1.1.3"
  resolved "https://registry.yarnpkg.com/@actions/io/-/io-1.1.3.tgz#4cdb6254da7962b07473ff5c335f3da485d94d71"
  integrity sha512-wi9JjgKLYS7U/z8PPbco+PvTb/nRWjeoFlJ1Qer83k/3C5PHQi28hiVdeE2kHXmIL99mQFawx8qt/JPjZilJ8Q==

"@esbuild/aix-ppc64@0.23.1":
  version "0.23.1"
  resolved "https://registry.yarnpkg.com/@esbuild/aix-ppc64/-/aix-ppc64-0.23.1.tgz#51299374de171dbd80bb7d838e1cfce9af36f353"
  integrity sha512-6VhYk1diRqrhBAqpJEdjASR/+WVRtfjpqKuNw11cLiaWpAT/Uu+nokB+UJnevzy/P9C/ty6AOe0dwueMrGh/iQ==

"@esbuild/android-arm64@0.23.1":
  version "0.23.1"
  resolved "https://registry.yarnpkg.com/@esbuild/android-arm64/-/android-arm64-0.23.1.tgz#58565291a1fe548638adb9c584237449e5e14018"
  integrity sha512-xw50ipykXcLstLeWH7WRdQuysJqejuAGPd30vd1i5zSyKK3WE+ijzHmLKxdiCMtH1pHz78rOg0BKSYOSB/2Khw==

"@esbuild/android-arm@0.23.1":
  version "0.23.1"
  resolved "https://registry.yarnpkg.com/@esbuild/android-arm/-/android-arm-0.23.1.tgz#5eb8c652d4c82a2421e3395b808e6d9c42c862ee"
  integrity sha512-uz6/tEy2IFm9RYOyvKl88zdzZfwEfKZmnX9Cj1BHjeSGNuGLuMD1kR8y5bteYmwqKm1tj8m4cb/aKEorr6fHWQ==

"@esbuild/android-x64@0.23.1":
  version "0.23.1"
  resolved "https://registry.yarnpkg.com/@esbuild/android-x64/-/android-x64-0.23.1.tgz#ae19d665d2f06f0f48a6ac9a224b3f672e65d517"
  integrity sha512-nlN9B69St9BwUoB+jkyU090bru8L0NA3yFvAd7k8dNsVH8bi9a8cUAUSEcEEgTp2z3dbEDGJGfP6VUnkQnlReg==

"@esbuild/darwin-arm64@0.23.1":
  version "0.23.1"
  resolved "https://registry.yarnpkg.com/@esbuild/darwin-arm64/-/darwin-arm64-0.23.1.tgz#05b17f91a87e557b468a9c75e9d85ab10c121b16"
  integrity sha512-YsS2e3Wtgnw7Wq53XXBLcV6JhRsEq8hkfg91ESVadIrzr9wO6jJDMZnCQbHm1Guc5t/CdDiFSSfWP58FNuvT3Q==

"@esbuild/darwin-x64@0.23.1":
  version "0.23.1"
  resolved "https://registry.yarnpkg.com/@esbuild/darwin-x64/-/darwin-x64-0.23.1.tgz#c58353b982f4e04f0d022284b8ba2733f5ff0931"
  integrity sha512-aClqdgTDVPSEGgoCS8QDG37Gu8yc9lTHNAQlsztQ6ENetKEO//b8y31MMu2ZaPbn4kVsIABzVLXYLhCGekGDqw==

"@esbuild/freebsd-arm64@0.23.1":
  version "0.23.1"
  resolved "https://registry.yarnpkg.com/@esbuild/freebsd-arm64/-/freebsd-arm64-0.23.1.tgz#f9220dc65f80f03635e1ef96cfad5da1f446f3bc"
  integrity sha512-h1k6yS8/pN/NHlMl5+v4XPfikhJulk4G+tKGFIOwURBSFzE8bixw1ebjluLOjfwtLqY0kewfjLSrO6tN2MgIhA==

"@esbuild/freebsd-x64@0.23.1":
  version "0.23.1"
  resolved "https://registry.yarnpkg.com/@esbuild/freebsd-x64/-/freebsd-x64-0.23.1.tgz#69bd8511fa013b59f0226d1609ac43f7ce489730"
  integrity sha512-lK1eJeyk1ZX8UklqFd/3A60UuZ/6UVfGT2LuGo3Wp4/z7eRTRYY+0xOu2kpClP+vMTi9wKOfXi2vjUpO1Ro76g==

"@esbuild/linux-arm64@0.23.1":
  version "0.23.1"
  resolved "https://registry.yarnpkg.com/@esbuild/linux-arm64/-/linux-arm64-0.23.1.tgz#8050af6d51ddb388c75653ef9871f5ccd8f12383"
  integrity sha512-/93bf2yxencYDnItMYV/v116zff6UyTjo4EtEQjUBeGiVpMmffDNUyD9UN2zV+V3LRV3/on4xdZ26NKzn6754g==

"@esbuild/linux-arm@0.23.1":
  version "0.23.1"
  resolved "https://registry.yarnpkg.com/@esbuild/linux-arm/-/linux-arm-0.23.1.tgz#ecaabd1c23b701070484990db9a82f382f99e771"
  integrity sha512-CXXkzgn+dXAPs3WBwE+Kvnrf4WECwBdfjfeYHpMeVxWE0EceB6vhWGShs6wi0IYEqMSIzdOF1XjQ/Mkm5d7ZdQ==

"@esbuild/linux-ia32@0.23.1":
  version "0.23.1"
  resolved "https://registry.yarnpkg.com/@esbuild/linux-ia32/-/linux-ia32-0.23.1.tgz#3ed2273214178109741c09bd0687098a0243b333"
  integrity sha512-VTN4EuOHwXEkXzX5nTvVY4s7E/Krz7COC8xkftbbKRYAl96vPiUssGkeMELQMOnLOJ8k3BY1+ZY52tttZnHcXQ==

"@esbuild/linux-loong64@0.23.1":
  version "0.23.1"
  resolved "https://registry.yarnpkg.com/@esbuild/linux-loong64/-/linux-loong64-0.23.1.tgz#a0fdf440b5485c81b0fbb316b08933d217f5d3ac"
  integrity sha512-Vx09LzEoBa5zDnieH8LSMRToj7ir/Jeq0Gu6qJ/1GcBq9GkfoEAoXvLiW1U9J1qE/Y/Oyaq33w5p2ZWrNNHNEw==

"@esbuild/linux-mips64el@0.23.1":
  version "0.23.1"
  resolved "https://registry.yarnpkg.com/@esbuild/linux-mips64el/-/linux-mips64el-0.23.1.tgz#e11a2806346db8375b18f5e104c5a9d4e81807f6"
  integrity sha512-nrFzzMQ7W4WRLNUOU5dlWAqa6yVeI0P78WKGUo7lg2HShq/yx+UYkeNSE0SSfSure0SqgnsxPvmAUu/vu0E+3Q==

"@esbuild/linux-ppc64@0.23.1":
  version "0.23.1"
  resolved "https://registry.yarnpkg.com/@esbuild/linux-ppc64/-/linux-ppc64-0.23.1.tgz#06a2744c5eaf562b1a90937855b4d6cf7c75ec96"
  integrity sha512-dKN8fgVqd0vUIjxuJI6P/9SSSe/mB9rvA98CSH2sJnlZ/OCZWO1DJvxj8jvKTfYUdGfcq2dDxoKaC6bHuTlgcw==

"@esbuild/linux-riscv64@0.23.1":
  version "0.23.1"
  resolved "https://registry.yarnpkg.com/@esbuild/linux-riscv64/-/linux-riscv64-0.23.1.tgz#65b46a2892fc0d1af4ba342af3fe0fa4a8fe08e7"
  integrity sha512-5AV4Pzp80fhHL83JM6LoA6pTQVWgB1HovMBsLQ9OZWLDqVY8MVobBXNSmAJi//Csh6tcY7e7Lny2Hg1tElMjIA==

"@esbuild/linux-s390x@0.23.1":
  version "0.23.1"
  resolved "https://registry.yarnpkg.com/@esbuild/linux-s390x/-/linux-s390x-0.23.1.tgz#e71ea18c70c3f604e241d16e4e5ab193a9785d6f"
  integrity sha512-9ygs73tuFCe6f6m/Tb+9LtYxWR4c9yg7zjt2cYkjDbDpV/xVn+68cQxMXCjUpYwEkze2RcU/rMnfIXNRFmSoDw==

"@esbuild/linux-x64@0.23.1":
  version "0.23.1"
  resolved "https://registry.yarnpkg.com/@esbuild/linux-x64/-/linux-x64-0.23.1.tgz#d47f97391e80690d4dfe811a2e7d6927ad9eed24"
  integrity sha512-EV6+ovTsEXCPAp58g2dD68LxoP/wK5pRvgy0J/HxPGB009omFPv3Yet0HiaqvrIrgPTBuC6wCH1LTOY91EO5hQ==

"@esbuild/netbsd-x64@0.23.1":
  version "0.23.1"
  resolved "https://registry.yarnpkg.com/@esbuild/netbsd-x64/-/netbsd-x64-0.23.1.tgz#44e743c9778d57a8ace4b72f3c6b839a3b74a653"
  integrity sha512-aevEkCNu7KlPRpYLjwmdcuNz6bDFiE7Z8XC4CPqExjTvrHugh28QzUXVOZtiYghciKUacNktqxdpymplil1beA==

"@esbuild/openbsd-arm64@0.23.1":
  version "0.23.1"
  resolved "https://registry.yarnpkg.com/@esbuild/openbsd-arm64/-/openbsd-arm64-0.23.1.tgz#05c5a1faf67b9881834758c69f3e51b7dee015d7"
  integrity sha512-3x37szhLexNA4bXhLrCC/LImN/YtWis6WXr1VESlfVtVeoFJBRINPJ3f0a/6LV8zpikqoUg4hyXw0sFBt5Cr+Q==

"@esbuild/openbsd-x64@0.23.1":
  version "0.23.1"
  resolved "https://registry.yarnpkg.com/@esbuild/openbsd-x64/-/openbsd-x64-0.23.1.tgz#2e58ae511bacf67d19f9f2dcd9e8c5a93f00c273"
  integrity sha512-aY2gMmKmPhxfU+0EdnN+XNtGbjfQgwZj43k8G3fyrDM/UdZww6xrWxmDkuz2eCZchqVeABjV5BpildOrUbBTqA==

"@esbuild/sunos-x64@0.23.1":
  version "0.23.1"
  resolved "https://registry.yarnpkg.com/@esbuild/sunos-x64/-/sunos-x64-0.23.1.tgz#adb022b959d18d3389ac70769cef5a03d3abd403"
  integrity sha512-RBRT2gqEl0IKQABT4XTj78tpk9v7ehp+mazn2HbUeZl1YMdaGAQqhapjGTCe7uw7y0frDi4gS0uHzhvpFuI1sA==

"@esbuild/win32-arm64@0.23.1":
  version "0.23.1"
  resolved "https://registry.yarnpkg.com/@esbuild/win32-arm64/-/win32-arm64-0.23.1.tgz#84906f50c212b72ec360f48461d43202f4c8b9a2"
  integrity sha512-4O+gPR5rEBe2FpKOVyiJ7wNDPA8nGzDuJ6gN4okSA1gEOYZ67N8JPk58tkWtdtPeLz7lBnY6I5L3jdsr3S+A6A==

"@esbuild/win32-ia32@0.23.1":
  version "0.23.1"
  resolved "https://registry.yarnpkg.com/@esbuild/win32-ia32/-/win32-ia32-0.23.1.tgz#5e3eacc515820ff729e90d0cb463183128e82fac"
  integrity sha512-BcaL0Vn6QwCwre3Y717nVHZbAa4UBEigzFm6VdsVdT/MbZ38xoj1X9HPkZhbmaBGUD1W8vxAfffbDe8bA6AKnQ==

"@esbuild/win32-x64@0.23.1":
  version "0.23.1"
  resolved "https://registry.yarnpkg.com/@esbuild/win32-x64/-/win32-x64-0.23.1.tgz#81fd50d11e2c32b2d6241470e3185b70c7b30699"
  integrity sha512-BHpFFeslkWrXWyUPnbKm+xYYVYruCinGcftSBaa8zoF9hZO4BcSCFUvHVTtzpIY6YzUnYtuEhZ+C9iEXjxnasg==

"@fastify/busboy@^2.0.0":
  version "2.1.1"
  resolved "https://registry.yarnpkg.com/@fastify/busboy/-/busboy-2.1.1.tgz#b9da6a878a371829a0502c9b6c1c143ef6663f4d"
  integrity sha512-vBZP4NlzfOlerQTnba4aqZoMhE/a9HY7HRqoOPaETQcSQuWEIyZMHGfVu6w9wGtGK5fED5qRs2DteVCjOH60sA==

"@octokit/auth-token@^4.0.0":
  version "4.0.0"
  resolved "https://registry.yarnpkg.com/@octokit/auth-token/-/auth-token-4.0.0.tgz#40d203ea827b9f17f42a29c6afb93b7745ef80c7"
  integrity sha512-tY/msAuJo6ARbK6SPIxZrPBms3xPbfwBrulZe0Wtr/DIY9lje2HeV1uoebShn6mx7SjCHif6EjMvoREj+gZ+SA==

"@octokit/core@^5.0.1":
  version "5.2.0"
  resolved "https://registry.yarnpkg.com/@octokit/core/-/core-5.2.0.tgz#ddbeaefc6b44a39834e1bb2e58a49a117672a7ea"
  integrity sha512-1LFfa/qnMQvEOAdzlQymH0ulepxbxnCYAKJZfMci/5XJyIHWgEYnDmgnKakbTh7CH2tFQ5O60oYDvns4i9RAIg==
  dependencies:
    "@octokit/auth-token" "^4.0.0"
    "@octokit/graphql" "^7.1.0"
    "@octokit/request" "^8.3.1"
    "@octokit/request-error" "^5.1.0"
    "@octokit/types" "^13.0.0"
    before-after-hook "^2.2.0"
    universal-user-agent "^6.0.0"

"@octokit/endpoint@^9.0.1":
  version "9.0.5"
  resolved "https://registry.yarnpkg.com/@octokit/endpoint/-/endpoint-9.0.5.tgz#e6c0ee684e307614c02fc6ac12274c50da465c44"
  integrity sha512-ekqR4/+PCLkEBF6qgj8WqJfvDq65RH85OAgrtnVp1mSxaXF03u2xW/hUdweGS5654IlC0wkNYC18Z50tSYTAFw==
  dependencies:
    "@octokit/types" "^13.1.0"
    universal-user-agent "^6.0.0"

"@octokit/graphql@^7.1.0":
  version "7.1.0"
  resolved "https://registry.yarnpkg.com/@octokit/graphql/-/graphql-7.1.0.tgz#9bc1c5de92f026648131f04101cab949eeffe4e0"
  integrity sha512-r+oZUH7aMFui1ypZnAvZmn0KSqAUgE1/tUXIWaqUCa1758ts/Jio84GZuzsvUkme98kv0WFY8//n0J1Z+vsIsQ==
  dependencies:
    "@octokit/request" "^8.3.0"
    "@octokit/types" "^13.0.0"
    universal-user-agent "^6.0.0"

"@octokit/openapi-types@^20.0.0":
  version "20.0.0"
  resolved "https://registry.yarnpkg.com/@octokit/openapi-types/-/openapi-types-20.0.0.tgz#9ec2daa0090eeb865ee147636e0c00f73790c6e5"
  integrity sha512-EtqRBEjp1dL/15V7WiX5LJMIxxkdiGJnabzYx5Apx4FkQIFgAfKumXeYAqqJCj1s+BMX4cPFIFC4OLCR6stlnA==

"@octokit/openapi-types@^22.2.0":
  version "22.2.0"
  resolved "https://registry.yarnpkg.com/@octokit/openapi-types/-/openapi-types-22.2.0.tgz#75aa7dcd440821d99def6a60b5f014207ae4968e"
  integrity sha512-QBhVjcUa9W7Wwhm6DBFu6ZZ+1/t/oYxqc2tp81Pi41YNuJinbFRx8B133qVOrAaBbF7D/m0Et6f9/pZt9Rc+tg==

"@octokit/plugin-paginate-rest@^9.0.0":
  version "9.2.1"
  resolved "https://registry.yarnpkg.com/@octokit/plugin-paginate-rest/-/plugin-paginate-rest-9.2.1.tgz#2e2a2f0f52c9a4b1da1a3aa17dabe3c459b9e401"
  integrity sha512-wfGhE/TAkXZRLjksFXuDZdmGnJQHvtU/joFQdweXUgzo1XwvBCD4o4+75NtFfjfLK5IwLf9vHTfSiU3sLRYpRw==
  dependencies:
    "@octokit/types" "^12.6.0"

"@octokit/plugin-rest-endpoint-methods@^10.0.0":
  version "10.4.1"
  resolved "https://registry.yarnpkg.com/@octokit/plugin-rest-endpoint-methods/-/plugin-rest-endpoint-methods-10.4.1.tgz#41ba478a558b9f554793075b2e20cd2ef973be17"
  integrity sha512-xV1b+ceKV9KytQe3zCVqjg+8GTGfDYwaT1ATU5isiUyVtlVAO3HNdzpS4sr4GBx4hxQ46s7ITtZrAsxG22+rVg==
  dependencies:
    "@octokit/types" "^12.6.0"

"@octokit/request-error@^5.1.0":
  version "5.1.0"
  resolved "https://registry.yarnpkg.com/@octokit/request-error/-/request-error-5.1.0.tgz#ee4138538d08c81a60be3f320cd71063064a3b30"
  integrity sha512-GETXfE05J0+7H2STzekpKObFe765O5dlAKUTLNGeH+x47z7JjXHfsHKo5z21D/o/IOZTUEI6nyWyR+bZVP/n5Q==
  dependencies:
    "@octokit/types" "^13.1.0"
    deprecation "^2.0.0"
    once "^1.4.0"

"@octokit/request@^8.3.0", "@octokit/request@^8.3.1":
  version "8.4.0"
  resolved "https://registry.yarnpkg.com/@octokit/request/-/request-8.4.0.tgz#7f4b7b1daa3d1f48c0977ad8fffa2c18adef8974"
  integrity sha512-9Bb014e+m2TgBeEJGEbdplMVWwPmL1FPtggHQRkV+WVsMggPtEkLKPlcVYm/o8xKLkpJ7B+6N8WfQMtDLX2Dpw==
  dependencies:
    "@octokit/endpoint" "^9.0.1"
    "@octokit/request-error" "^5.1.0"
    "@octokit/types" "^13.1.0"
    universal-user-agent "^6.0.0"

"@octokit/types@^12.6.0":
  version "12.6.0"
  resolved "https://registry.yarnpkg.com/@octokit/types/-/types-12.6.0.tgz#8100fb9eeedfe083aae66473bd97b15b62aedcb2"
  integrity sha512-1rhSOfRa6H9w4YwK0yrf5faDaDTb+yLyBUKOCV4xtCDB5VmIPqd/v9yr9o6SAzOAlRxMiRiCic6JVM1/kunVkw==
  dependencies:
    "@octokit/openapi-types" "^20.0.0"

"@octokit/types@^13.0.0", "@octokit/types@^13.1.0", "@octokit/types@^13.5.0":
  version "13.5.0"
  resolved "https://registry.yarnpkg.com/@octokit/types/-/types-13.5.0.tgz#4796e56b7b267ebc7c921dcec262b3d5bfb18883"
  integrity sha512-HdqWTf5Z3qwDVlzCrP8UJquMwunpDiMPt5er+QjGzL4hqr/vBVY/MauQgS1xWxCDT1oMx1EULyqxncdCY/NVSQ==
  dependencies:
    "@octokit/openapi-types" "^22.2.0"

"@rollup/rollup-android-arm-eabi@4.22.4":
  version "4.22.4"
  resolved "https://registry.yarnpkg.com/@rollup/rollup-android-arm-eabi/-/rollup-android-arm-eabi-4.22.4.tgz#8b613b9725e8f9479d142970b106b6ae878610d5"
  integrity sha512-Fxamp4aEZnfPOcGA8KSNEohV8hX7zVHOemC8jVBoBUHu5zpJK/Eu3uJwt6BMgy9fkvzxDaurgj96F/NiLukF2w==

"@rollup/rollup-android-arm64@4.22.4":
  version "4.22.4"
  resolved "https://registry.yarnpkg.com/@rollup/rollup-android-arm64/-/rollup-android-arm64-4.22.4.tgz#654ca1049189132ff602bfcf8df14c18da1f15fb"
  integrity sha512-VXoK5UMrgECLYaMuGuVTOx5kcuap1Jm8g/M83RnCHBKOqvPPmROFJGQaZhGccnsFtfXQ3XYa4/jMCJvZnbJBdA==

"@rollup/rollup-darwin-arm64@4.22.4":
  version "4.22.4"
  resolved "https://registry.yarnpkg.com/@rollup/rollup-darwin-arm64/-/rollup-darwin-arm64-4.22.4.tgz#6d241d099d1518ef0c2205d96b3fa52e0fe1954b"
  integrity sha512-xMM9ORBqu81jyMKCDP+SZDhnX2QEVQzTcC6G18KlTQEzWK8r/oNZtKuZaCcHhnsa6fEeOBionoyl5JsAbE/36Q==

"@rollup/rollup-darwin-x64@4.22.4":
  version "4.22.4"
  resolved "https://registry.yarnpkg.com/@rollup/rollup-darwin-x64/-/rollup-darwin-x64-4.22.4.tgz#42bd19d292a57ee11734c980c4650de26b457791"
  integrity sha512-aJJyYKQwbHuhTUrjWjxEvGnNNBCnmpHDvrb8JFDbeSH3m2XdHcxDd3jthAzvmoI8w/kSjd2y0udT+4okADsZIw==

"@rollup/rollup-linux-arm-gnueabihf@4.22.4":
  version "4.22.4"
  resolved "https://registry.yarnpkg.com/@rollup/rollup-linux-arm-gnueabihf/-/rollup-linux-arm-gnueabihf-4.22.4.tgz#f23555ee3d8fe941c5c5fd458cd22b65eb1c2232"
  integrity sha512-j63YtCIRAzbO+gC2L9dWXRh5BFetsv0j0va0Wi9epXDgU/XUi5dJKo4USTttVyK7fGw2nPWK0PbAvyliz50SCQ==

"@rollup/rollup-linux-arm-musleabihf@4.22.4":
  version "4.22.4"
  resolved "https://registry.yarnpkg.com/@rollup/rollup-linux-arm-musleabihf/-/rollup-linux-arm-musleabihf-4.22.4.tgz#f3bbd1ae2420f5539d40ac1fde2b38da67779baa"
  integrity sha512-dJnWUgwWBX1YBRsuKKMOlXCzh2Wu1mlHzv20TpqEsfdZLb3WoJW2kIEsGwLkroYf24IrPAvOT/ZQ2OYMV6vlrg==

"@rollup/rollup-linux-arm64-gnu@4.22.4":
  version "4.22.4"
  resolved "https://registry.yarnpkg.com/@rollup/rollup-linux-arm64-gnu/-/rollup-linux-arm64-gnu-4.22.4.tgz#7abe900120113e08a1f90afb84c7c28774054d15"
  integrity sha512-AdPRoNi3NKVLolCN/Sp4F4N1d98c4SBnHMKoLuiG6RXgoZ4sllseuGioszumnPGmPM2O7qaAX/IJdeDU8f26Aw==

"@rollup/rollup-linux-arm64-musl@4.22.4":
  version "4.22.4"
  resolved "https://registry.yarnpkg.com/@rollup/rollup-linux-arm64-musl/-/rollup-linux-arm64-musl-4.22.4.tgz#9e655285c8175cd44f57d6a1e8e5dedfbba1d820"
  integrity sha512-Gl0AxBtDg8uoAn5CCqQDMqAx22Wx22pjDOjBdmG0VIWX3qUBHzYmOKh8KXHL4UpogfJ14G4wk16EQogF+v8hmA==

"@rollup/rollup-linux-powerpc64le-gnu@4.22.4":
  version "4.22.4"
  resolved "https://registry.yarnpkg.com/@rollup/rollup-linux-powerpc64le-gnu/-/rollup-linux-powerpc64le-gnu-4.22.4.tgz#9a79ae6c9e9d8fe83d49e2712ecf4302db5bef5e"
  integrity sha512-3aVCK9xfWW1oGQpTsYJJPF6bfpWfhbRnhdlyhak2ZiyFLDaayz0EP5j9V1RVLAAxlmWKTDfS9wyRyY3hvhPoOg==

"@rollup/rollup-linux-riscv64-gnu@4.22.4":
  version "4.22.4"
  resolved "https://registry.yarnpkg.com/@rollup/rollup-linux-riscv64-gnu/-/rollup-linux-riscv64-gnu-4.22.4.tgz#67ac70eca4ace8e2942fabca95164e8874ab8128"
  integrity sha512-ePYIir6VYnhgv2C5Xe9u+ico4t8sZWXschR6fMgoPUK31yQu7hTEJb7bCqivHECwIClJfKgE7zYsh1qTP3WHUA==

"@rollup/rollup-linux-s390x-gnu@4.22.4":
  version "4.22.4"
  resolved "https://registry.yarnpkg.com/@rollup/rollup-linux-s390x-gnu/-/rollup-linux-s390x-gnu-4.22.4.tgz#9f883a7440f51a22ed7f99e1d070bd84ea5005fc"
  integrity sha512-GqFJ9wLlbB9daxhVlrTe61vJtEY99/xB3C8e4ULVsVfflcpmR6c8UZXjtkMA6FhNONhj2eA5Tk9uAVw5orEs4Q==

"@rollup/rollup-linux-x64-gnu@4.22.4":
  version "4.22.4"
  resolved "https://registry.yarnpkg.com/@rollup/rollup-linux-x64-gnu/-/rollup-linux-x64-gnu-4.22.4.tgz#70116ae6c577fe367f58559e2cffb5641a1dd9d0"
  integrity sha512-87v0ol2sH9GE3cLQLNEy0K/R0pz1nvg76o8M5nhMR0+Q+BBGLnb35P0fVz4CQxHYXaAOhE8HhlkaZfsdUOlHwg==

"@rollup/rollup-linux-x64-musl@4.22.4":
  version "4.22.4"
  resolved "https://registry.yarnpkg.com/@rollup/rollup-linux-x64-musl/-/rollup-linux-x64-musl-4.22.4.tgz#f473f88219feb07b0b98b53a7923be716d1d182f"
  integrity sha512-UV6FZMUgePDZrFjrNGIWzDo/vABebuXBhJEqrHxrGiU6HikPy0Z3LfdtciIttEUQfuDdCn8fqh7wiFJjCNwO+g==

"@rollup/rollup-win32-arm64-msvc@4.22.4":
  version "4.22.4"
  resolved "https://registry.yarnpkg.com/@rollup/rollup-win32-arm64-msvc/-/rollup-win32-arm64-msvc-4.22.4.tgz#4349482d17f5d1c58604d1c8900540d676f420e0"
  integrity sha512-BjI+NVVEGAXjGWYHz/vv0pBqfGoUH0IGZ0cICTn7kB9PyjrATSkX+8WkguNjWoj2qSr1im/+tTGRaY+4/PdcQw==

"@rollup/rollup-win32-ia32-msvc@4.22.4":
  version "4.22.4"
  resolved "https://registry.yarnpkg.com/@rollup/rollup-win32-ia32-msvc/-/rollup-win32-ia32-msvc-4.22.4.tgz#a6fc39a15db618040ec3c2a24c1e26cb5f4d7422"
  integrity sha512-SiWG/1TuUdPvYmzmYnmd3IEifzR61Tragkbx9D3+R8mzQqDBz8v+BvZNDlkiTtI9T15KYZhP0ehn3Dld4n9J5g==

"@rollup/rollup-win32-x64-msvc@4.22.4":
  version "4.22.4"
  resolved "https://registry.yarnpkg.com/@rollup/rollup-win32-x64-msvc/-/rollup-win32-x64-msvc-4.22.4.tgz#3dd5d53e900df2a40841882c02e56f866c04d202"
  integrity sha512-j8pPKp53/lq9lMXN57S8cFz0MynJk8OWNuUnXct/9KCpKU7DgU3bYMJhwWmcqC0UU29p8Lr0/7KEVcaM6bf47Q==

"@types/estree@1.0.5":
  version "1.0.5"
  resolved "https://registry.yarnpkg.com/@types/estree/-/estree-1.0.5.tgz#a6ce3e556e00fd9895dd872dd172ad0d4bd687f4"
  integrity sha512-/kYRxGDLWzHOB7q+wtSUQlFrtcdUccpfy+X+9iMBpHK8QLLhx2wIPYuS5DYtR9Wa/YlZAbIovy7qVdB1Aq6Lyw==

before-after-hook@^2.2.0:
  version "2.2.3"
  resolved "https://registry.yarnpkg.com/before-after-hook/-/before-after-hook-2.2.3.tgz#c51e809c81a4e354084422b9b26bad88249c517c"
  integrity sha512-NzUnlZexiaH/46WDhANlyR2bXRopNg4F/zuSA3OpZnllCUgRaOF2znDioDWrmbNVsuZk6l9pMquQB38cfBZwkQ==

deprecation@^2.0.0:
  version "2.3.1"
  resolved "https://registry.yarnpkg.com/deprecation/-/deprecation-2.3.1.tgz#6368cbdb40abf3373b525ac87e4a260c3a700919"
  integrity sha512-xmHIy4F3scKVwMsQ4WnVaS8bHOx0DmVwRywosKhaILI0ywMDWPtBSku2HNxRvF7jtwDRsoEwYQSfbxj8b7RlJQ==

esbuild@^0.23.1:
  version "0.23.1"
  resolved "https://registry.yarnpkg.com/esbuild/-/esbuild-0.23.1.tgz#40fdc3f9265ec0beae6f59824ade1bd3d3d2dab8"
  integrity sha512-VVNz/9Sa0bs5SELtn3f7qhJCDPCF5oMEl5cO9/SSinpE9hbPVvxbd572HH5AKiP7WD8INO53GgfDDhRjkylHEg==
  optionalDependencies:
    "@esbuild/aix-ppc64" "0.23.1"
    "@esbuild/android-arm" "0.23.1"
    "@esbuild/android-arm64" "0.23.1"
    "@esbuild/android-x64" "0.23.1"
    "@esbuild/darwin-arm64" "0.23.1"
    "@esbuild/darwin-x64" "0.23.1"
    "@esbuild/freebsd-arm64" "0.23.1"
    "@esbuild/freebsd-x64" "0.23.1"
    "@esbuild/linux-arm" "0.23.1"
    "@esbuild/linux-arm64" "0.23.1"
    "@esbuild/linux-ia32" "0.23.1"
    "@esbuild/linux-loong64" "0.23.1"
    "@esbuild/linux-mips64el" "0.23.1"
    "@esbuild/linux-ppc64" "0.23.1"
    "@esbuild/linux-riscv64" "0.23.1"
    "@esbuild/linux-s390x" "0.23.1"
    "@esbuild/linux-x64" "0.23.1"
    "@esbuild/netbsd-x64" "0.23.1"
    "@esbuild/openbsd-arm64" "0.23.1"
    "@esbuild/openbsd-x64" "0.23.1"
    "@esbuild/sunos-x64" "0.23.1"
    "@esbuild/win32-arm64" "0.23.1"
    "@esbuild/win32-ia32" "0.23.1"
    "@esbuild/win32-x64" "0.23.1"

fsevents@~2.3.2:
  version "2.3.3"
  resolved "https://registry.yarnpkg.com/fsevents/-/fsevents-2.3.3.tgz#cac6407785d03675a2a5e1a5305c697b347d90d6"
  integrity sha512-5xoDfX+fL7faATnagmWPpbFtwh/R77WmMMqqHGS65C3vvB0YHrgF+B1YmZ3441tMj5n63k0212XNoJwzlhffQw==

once@^1.4.0:
  version "1.4.0"
  resolved "https://registry.yarnpkg.com/once/-/once-1.4.0.tgz#583b1aa775961d4b113ac17d9c50baef9dd76bd1"
  integrity sha512-lNaJgI+2Q5URQBkccEKHTQOPaXdUxnZZElQTZY0MFUAuaEqe1E+Nyvgdz/aIyNi6Z9MzO5dv1H8n58/GELp3+w==
  dependencies:
    wrappy "1"

rollup@^4.22.4:
  version "4.22.4"
  resolved "https://registry.yarnpkg.com/rollup/-/rollup-4.22.4.tgz#4135a6446671cd2a2453e1ad42a45d5973ec3a0f"
  integrity sha512-vD8HJ5raRcWOyymsR6Z3o6+RzfEPCnVLMFJ6vRslO1jt4LO6dUo5Qnpg7y4RkZFM2DMe3WUirkI5c16onjrc6A==
  dependencies:
    "@types/estree" "1.0.5"
  optionalDependencies:
    "@rollup/rollup-android-arm-eabi" "4.22.4"
    "@rollup/rollup-android-arm64" "4.22.4"
    "@rollup/rollup-darwin-arm64" "4.22.4"
    "@rollup/rollup-darwin-x64" "4.22.4"
    "@rollup/rollup-linux-arm-gnueabihf" "4.22.4"
    "@rollup/rollup-linux-arm-musleabihf" "4.22.4"
    "@rollup/rollup-linux-arm64-gnu" "4.22.4"
    "@rollup/rollup-linux-arm64-musl" "4.22.4"
    "@rollup/rollup-linux-powerpc64le-gnu" "4.22.4"
    "@rollup/rollup-linux-riscv64-gnu" "4.22.4"
    "@rollup/rollup-linux-s390x-gnu" "4.22.4"
    "@rollup/rollup-linux-x64-gnu" "4.22.4"
    "@rollup/rollup-linux-x64-musl" "4.22.4"
    "@rollup/rollup-win32-arm64-msvc" "4.22.4"
    "@rollup/rollup-win32-ia32-msvc" "4.22.4"
    "@rollup/rollup-win32-x64-msvc" "4.22.4"
    fsevents "~2.3.2"

tunnel@^0.0.6:
  version "0.0.6"
  resolved "https://registry.yarnpkg.com/tunnel/-/tunnel-0.0.6.tgz#72f1314b34a5b192db012324df2cc587ca47f92c"
  integrity sha512-1h/Lnq9yajKY2PEbBadPXj3VxsDDu844OnaAo52UVmIzIvwwtBPIuNvkjuzBlTWpfJyUbG3ez0KSBibQkj4ojg==

undici@^5.25.4:
  version "5.28.4"
  resolved "https://registry.yarnpkg.com/undici/-/undici-5.28.4.tgz#6b280408edb6a1a604a9b20340f45b422e373068"
  integrity sha512-72RFADWFqKmUb2hmmvNODKL3p9hcB6Gt2DOQMis1SEBaV6a4MH8soBvzg+95CYhCKPFedut2JY9bMfrDl9D23g==
  dependencies:
    "@fastify/busboy" "^2.0.0"

universal-user-agent@^6.0.0:
  version "6.0.1"
  resolved "https://registry.yarnpkg.com/universal-user-agent/-/universal-user-agent-6.0.1.tgz#15f20f55da3c930c57bddbf1734c6654d5fd35aa"
  integrity sha512-yCzhz6FN2wU1NiiQRogkTQszlQSlpWaw8SvVegAc+bDxbzHgh1vX8uIe8OYyMH6DwH+sdTJsgMl36+mSMdRJIQ==

uuid@^8.3.2:
  version "8.3.2"
  resolved "https://registry.yarnpkg.com/uuid/-/uuid-8.3.2.tgz#80d5b5ced271bb9af6c445f21a1a04c606cefbe2"
  integrity sha512-+NYs2QeMWy+GWFOEm9xnn6HCDp0l7QBD7ml8zLUmJ+93Q5NF0NocErnwkTkXVFNiX3/fpC6afS8Dhb/gz7R7eg==

wrappy@1:
  version "1.0.2"
  resolved "https://registry.yarnpkg.com/wrappy/-/wrappy-1.0.2.tgz#b5243d8f3ec1aa35f1364605bc0d1036e30ab69f"
  integrity sha512-l4Sp/DRseor9wL6EvV2+TuQn63dMkPjZ/sp9XkghTEbV9KlPS1xUsZ3u7/IQO4wxtcFB4bgpQPRcR3QCvezPcQ==
