# THIS IS AN AUTOGENERATED FILE. DO NOT EDIT THIS FILE DIRECTLY.
# yarn lockfile v1


"@actions/core@^1.11.1":
  version "1.11.1"
  resolved "https://registry.yarnpkg.com/@actions/core/-/core-1.11.1.tgz#ae683aac5112438021588030efb53b1adb86f172"
  integrity sha512-hXJCSrkwfA46Vd9Z3q4cpEpHB1rL5NG04+/rbqW9d3+CSvtB1tYe8UTpAlixa1vj0m/ULglfEK2UKxMGxCxv5A==
  dependencies:
    "@actions/exec" "^1.1.1"
    "@actions/http-client" "^2.0.1"

"@actions/exec@^1.1.1":
  version "1.1.1"
  resolved "https://registry.yarnpkg.com/@actions/exec/-/exec-1.1.1.tgz#2e43f28c54022537172819a7cf886c844221a611"
  integrity sha512-+sCcHHbVdk93a0XT19ECtO/gIXoxvdsgQLzb2fE2/5sIZmWQuluYyjPQtrtTHdU1YzTZ7bAPN4sITq2xi1679w==
  dependencies:
    "@actions/io" "^1.0.1"

"@actions/github@^6.0.0":
  version "6.0.0"
  resolved "https://registry.yarnpkg.com/@actions/github/-/github-6.0.0.tgz#65883433f9d81521b782a64cc1fd45eef2191ea7"
  integrity sha512-alScpSVnYmjNEXboZjarjukQEzgCRmjMv6Xj47fsdnqGS73bjJNDpiiXmp8jr0UZLdUB6d9jW63IcmddUP+l0g==
  dependencies:
    "@actions/http-client" "^2.2.0"
    "@octokit/core" "^5.0.1"
    "@octokit/plugin-paginate-rest" "^9.0.0"
    "@octokit/plugin-rest-endpoint-methods" "^10.0.0"

"@actions/http-client@^2.0.1", "@actions/http-client@^2.2.0":
  version "2.2.1"
  resolved "https://registry.yarnpkg.com/@actions/http-client/-/http-client-2.2.1.tgz#ed3fe7a5a6d317ac1d39886b0bb999ded229bb38"
  integrity sha512-KhC/cZsq7f8I4LfZSJKgCvEwfkE8o1538VoBeoGzokVLLnbFDEAdFD3UhoMklxo2un9NJVBdANOresx7vTHlHw==
  dependencies:
    tunnel "^0.0.6"
    undici "^5.25.4"

"@actions/io@^1.0.1":
  version "1.1.3"
  resolved "https://registry.yarnpkg.com/@actions/io/-/io-1.1.3.tgz#4cdb6254da7962b07473ff5c335f3da485d94d71"
  integrity sha512-wi9JjgKLYS7U/z8PPbco+PvTb/nRWjeoFlJ1Qer83k/3C5PHQi28hiVdeE2kHXmIL99mQFawx8qt/JPjZilJ8Q==

"@esbuild/aix-ppc64@0.25.3":
  version "0.25.3"
  resolved "https://registry.yarnpkg.com/@esbuild/aix-ppc64/-/aix-ppc64-0.25.3.tgz#014180d9a149cffd95aaeead37179433f5ea5437"
  integrity sha512-W8bFfPA8DowP8l//sxjJLSLkD8iEjMc7cBVyP+u4cEv9sM7mdUCkgsj+t0n/BWPFtv7WWCN5Yzj0N6FJNUUqBQ==

"@esbuild/android-arm64@0.25.3":
  version "0.25.3"
  resolved "https://registry.yarnpkg.com/@esbuild/android-arm64/-/android-arm64-0.25.3.tgz#649e47e04ddb24a27dc05c395724bc5f4c55cbfe"
  integrity sha512-XelR6MzjlZuBM4f5z2IQHK6LkK34Cvv6Rj2EntER3lwCBFdg6h2lKbtRjpTTsdEjD/WSe1q8UyPBXP1x3i/wYQ==

"@esbuild/android-arm@0.25.3":
  version "0.25.3"
  resolved "https://registry.yarnpkg.com/@esbuild/android-arm/-/android-arm-0.25.3.tgz#8a0f719c8dc28a4a6567ef7328c36ea85f568ff4"
  integrity sha512-PuwVXbnP87Tcff5I9ngV0lmiSu40xw1At6i3GsU77U7cjDDB4s0X2cyFuBiDa1SBk9DnvWwnGvVaGBqoFWPb7A==

"@esbuild/android-x64@0.25.3":
  version "0.25.3"
  resolved "https://registry.yarnpkg.com/@esbuild/android-x64/-/android-x64-0.25.3.tgz#e2ab182d1fd06da9bef0784a13c28a7602d78009"
  integrity sha512-ogtTpYHT/g1GWS/zKM0cc/tIebFjm1F9Aw1boQ2Y0eUQ+J89d0jFY//s9ei9jVIlkYi8AfOjiixcLJSGNSOAdQ==

"@esbuild/darwin-arm64@0.25.3":
  version "0.25.3"
  resolved "https://registry.yarnpkg.com/@esbuild/darwin-arm64/-/darwin-arm64-0.25.3.tgz#c7f3166fcece4d158a73dcfe71b2672ca0b1668b"
  integrity sha512-eESK5yfPNTqpAmDfFWNsOhmIOaQA59tAcF/EfYvo5/QWQCzXn5iUSOnqt3ra3UdzBv073ykTtmeLJZGt3HhA+w==

"@esbuild/darwin-x64@0.25.3":
  version "0.25.3"
  resolved "https://registry.yarnpkg.com/@esbuild/darwin-x64/-/darwin-x64-0.25.3.tgz#d8c5342ec1a4bf4b1915643dfe031ba4b173a87a"
  integrity sha512-Kd8glo7sIZtwOLcPbW0yLpKmBNWMANZhrC1r6K++uDR2zyzb6AeOYtI6udbtabmQpFaxJ8uduXMAo1gs5ozz8A==

"@esbuild/freebsd-arm64@0.25.3":
  version "0.25.3"
  resolved "https://registry.yarnpkg.com/@esbuild/freebsd-arm64/-/freebsd-arm64-0.25.3.tgz#9f7d789e2eb7747d4868817417cc968ffa84f35b"
  integrity sha512-EJiyS70BYybOBpJth3M0KLOus0n+RRMKTYzhYhFeMwp7e/RaajXvP+BWlmEXNk6uk+KAu46j/kaQzr6au+JcIw==

"@esbuild/freebsd-x64@0.25.3":
  version "0.25.3"
  resolved "https://registry.yarnpkg.com/@esbuild/freebsd-x64/-/freebsd-x64-0.25.3.tgz#8ad35c51d084184a8e9e76bb4356e95350a64709"
  integrity sha512-Q+wSjaLpGxYf7zC0kL0nDlhsfuFkoN+EXrx2KSB33RhinWzejOd6AvgmP5JbkgXKmjhmpfgKZq24pneodYqE8Q==

"@esbuild/linux-arm64@0.25.3":
  version "0.25.3"
  resolved "https://registry.yarnpkg.com/@esbuild/linux-arm64/-/linux-arm64-0.25.3.tgz#3af0da3d9186092a9edd4e28fa342f57d9e3cd30"
  integrity sha512-xCUgnNYhRD5bb1C1nqrDV1PfkwgbswTTBRbAd8aH5PhYzikdf/ddtsYyMXFfGSsb/6t6QaPSzxtbfAZr9uox4A==

"@esbuild/linux-arm@0.25.3":
  version "0.25.3"
  resolved "https://registry.yarnpkg.com/@esbuild/linux-arm/-/linux-arm-0.25.3.tgz#e91cafa95e4474b3ae3d54da12e006b782e57225"
  integrity sha512-dUOVmAUzuHy2ZOKIHIKHCm58HKzFqd+puLaS424h6I85GlSDRZIA5ycBixb3mFgM0Jdh+ZOSB6KptX30DD8YOQ==

"@esbuild/linux-ia32@0.25.3":
  version "0.25.3"
  resolved "https://registry.yarnpkg.com/@esbuild/linux-ia32/-/linux-ia32-0.25.3.tgz#81025732d85b68ee510161b94acdf7e3007ea177"
  integrity sha512-yplPOpczHOO4jTYKmuYuANI3WhvIPSVANGcNUeMlxH4twz/TeXuzEP41tGKNGWJjuMhotpGabeFYGAOU2ummBw==

"@esbuild/linux-loong64@0.25.3":
  version "0.25.3"
  resolved "https://registry.yarnpkg.com/@esbuild/linux-loong64/-/linux-loong64-0.25.3.tgz#3c744e4c8d5e1148cbe60a71a11b58ed8ee5deb8"
  integrity sha512-P4BLP5/fjyihmXCELRGrLd793q/lBtKMQl8ARGpDxgzgIKJDRJ/u4r1A/HgpBpKpKZelGct2PGI4T+axcedf6g==

"@esbuild/linux-mips64el@0.25.3":
  version "0.25.3"
  resolved "https://registry.yarnpkg.com/@esbuild/linux-mips64el/-/linux-mips64el-0.25.3.tgz#1dfe2a5d63702db9034cc6b10b3087cc0424ec26"
  integrity sha512-eRAOV2ODpu6P5divMEMa26RRqb2yUoYsuQQOuFUexUoQndm4MdpXXDBbUoKIc0iPa4aCO7gIhtnYomkn2x+bag==

"@esbuild/linux-ppc64@0.25.3":
  version "0.25.3"
  resolved "https://registry.yarnpkg.com/@esbuild/linux-ppc64/-/linux-ppc64-0.25.3.tgz#2e85d9764c04a1ebb346dc0813ea05952c9a5c56"
  integrity sha512-ZC4jV2p7VbzTlnl8nZKLcBkfzIf4Yad1SJM4ZMKYnJqZFD4rTI+pBG65u8ev4jk3/MPwY9DvGn50wi3uhdaghg==

"@esbuild/linux-riscv64@0.25.3":
  version "0.25.3"
  resolved "https://registry.yarnpkg.com/@esbuild/linux-riscv64/-/linux-riscv64-0.25.3.tgz#a9ea3334556b09f85ccbfead58c803d305092415"
  integrity sha512-LDDODcFzNtECTrUUbVCs6j9/bDVqy7DDRsuIXJg6so+mFksgwG7ZVnTruYi5V+z3eE5y+BJZw7VvUadkbfg7QA==

"@esbuild/linux-s390x@0.25.3":
  version "0.25.3"
  resolved "https://registry.yarnpkg.com/@esbuild/linux-s390x/-/linux-s390x-0.25.3.tgz#f6a7cb67969222b200974de58f105dfe8e99448d"
  integrity sha512-s+w/NOY2k0yC2p9SLen+ymflgcpRkvwwa02fqmAwhBRI3SC12uiS10edHHXlVWwfAagYSY5UpmT/zISXPMW3tQ==

"@esbuild/linux-x64@0.25.3":
  version "0.25.3"
  resolved "https://registry.yarnpkg.com/@esbuild/linux-x64/-/linux-x64-0.25.3.tgz#a237d3578ecdd184a3066b1f425e314ade0f8033"
  integrity sha512-nQHDz4pXjSDC6UfOE1Fw9Q8d6GCAd9KdvMZpfVGWSJztYCarRgSDfOVBY5xwhQXseiyxapkiSJi/5/ja8mRFFA==

"@esbuild/netbsd-arm64@0.25.3":
  version "0.25.3"
  resolved "https://registry.yarnpkg.com/@esbuild/netbsd-arm64/-/netbsd-arm64-0.25.3.tgz#4c15c68d8149614ddb6a56f9c85ae62ccca08259"
  integrity sha512-1QaLtOWq0mzK6tzzp0jRN3eccmN3hezey7mhLnzC6oNlJoUJz4nym5ZD7mDnS/LZQgkrhEbEiTn515lPeLpgWA==

"@esbuild/netbsd-x64@0.25.3":
  version "0.25.3"
  resolved "https://registry.yarnpkg.com/@esbuild/netbsd-x64/-/netbsd-x64-0.25.3.tgz#12f6856f8c54c2d7d0a8a64a9711c01a743878d5"
  integrity sha512-i5Hm68HXHdgv8wkrt+10Bc50zM0/eonPb/a/OFVfB6Qvpiirco5gBA5bz7S2SHuU+Y4LWn/zehzNX14Sp4r27g==

"@esbuild/openbsd-arm64@0.25.3":
  version "0.25.3"
  resolved "https://registry.yarnpkg.com/@esbuild/openbsd-arm64/-/openbsd-arm64-0.25.3.tgz#ca078dad4a34df192c60233b058db2ca3d94bc5c"
  integrity sha512-zGAVApJEYTbOC6H/3QBr2mq3upG/LBEXr85/pTtKiv2IXcgKV0RT0QA/hSXZqSvLEpXeIxah7LczB4lkiYhTAQ==

"@esbuild/openbsd-x64@0.25.3":
  version "0.25.3"
  resolved "https://registry.yarnpkg.com/@esbuild/openbsd-x64/-/openbsd-x64-0.25.3.tgz#c9178adb60e140e03a881d0791248489c79f95b2"
  integrity sha512-fpqctI45NnCIDKBH5AXQBsD0NDPbEFczK98hk/aa6HJxbl+UtLkJV2+Bvy5hLSLk3LHmqt0NTkKNso1A9y1a4w==

"@esbuild/sunos-x64@0.25.3":
  version "0.25.3"
  resolved "https://registry.yarnpkg.com/@esbuild/sunos-x64/-/sunos-x64-0.25.3.tgz#03765eb6d4214ff27e5230af779e80790d1ee09f"
  integrity sha512-ROJhm7d8bk9dMCUZjkS8fgzsPAZEjtRJqCAmVgB0gMrvG7hfmPmz9k1rwO4jSiblFjYmNvbECL9uhaPzONMfgA==

"@esbuild/win32-arm64@0.25.3":
  version "0.25.3"
  resolved "https://registry.yarnpkg.com/@esbuild/win32-arm64/-/win32-arm64-0.25.3.tgz#f1c867bd1730a9b8dfc461785ec6462e349411ea"
  integrity sha512-YWcow8peiHpNBiIXHwaswPnAXLsLVygFwCB3A7Bh5jRkIBFWHGmNQ48AlX4xDvQNoMZlPYzjVOQDYEzWCqufMQ==

"@esbuild/win32-ia32@0.25.3":
  version "0.25.3"
  resolved "https://registry.yarnpkg.com/@esbuild/win32-ia32/-/win32-ia32-0.25.3.tgz#77491f59ef6c9ddf41df70670d5678beb3acc322"
  integrity sha512-qspTZOIGoXVS4DpNqUYUs9UxVb04khS1Degaw/MnfMe7goQ3lTfQ13Vw4qY/Nj0979BGvMRpAYbs/BAxEvU8ew==

"@esbuild/win32-x64@0.25.3":
  version "0.25.3"
  resolved "https://registry.yarnpkg.com/@esbuild/win32-x64/-/win32-x64-0.25.3.tgz#b17a2171f9074df9e91bfb07ef99a892ac06412a"
  integrity sha512-ICgUR+kPimx0vvRzf+N/7L7tVSQeE3BYY+NhHRHXS1kBuPO7z2+7ea2HbhDyZdTephgvNvKrlDDKUexuCVBVvg==

"@fastify/busboy@^2.0.0":
  version "2.1.1"
  resolved "https://registry.yarnpkg.com/@fastify/busboy/-/busboy-2.1.1.tgz#b9da6a878a371829a0502c9b6c1c143ef6663f4d"
  integrity sha512-vBZP4NlzfOlerQTnba4aqZoMhE/a9HY7HRqoOPaETQcSQuWEIyZMHGfVu6w9wGtGK5fED5qRs2DteVCjOH60sA==

"@octokit/auth-token@^4.0.0":
  version "4.0.0"
  resolved "https://registry.yarnpkg.com/@octokit/auth-token/-/auth-token-4.0.0.tgz#40d203ea827b9f17f42a29c6afb93b7745ef80c7"
  integrity sha512-tY/msAuJo6ARbK6SPIxZrPBms3xPbfwBrulZe0Wtr/DIY9lje2HeV1uoebShn6mx7SjCHif6EjMvoREj+gZ+SA==

"@octokit/core@^5.0.1":
  version "5.2.0"
  resolved "https://registry.yarnpkg.com/@octokit/core/-/core-5.2.0.tgz#ddbeaefc6b44a39834e1bb2e58a49a117672a7ea"
  integrity sha512-1LFfa/qnMQvEOAdzlQymH0ulepxbxnCYAKJZfMci/5XJyIHWgEYnDmgnKakbTh7CH2tFQ5O60oYDvns4i9RAIg==
  dependencies:
    "@octokit/auth-token" "^4.0.0"
    "@octokit/graphql" "^7.1.0"
    "@octokit/request" "^8.3.1"
    "@octokit/request-error" "^5.1.0"
    "@octokit/types" "^13.0.0"
    before-after-hook "^2.2.0"
    universal-user-agent "^6.0.0"

"@octokit/endpoint@^9.0.6":
  version "9.0.6"
  resolved "https://registry.yarnpkg.com/@octokit/endpoint/-/endpoint-9.0.6.tgz#114d912108fe692d8b139cfe7fc0846dfd11b6c0"
  integrity sha512-H1fNTMA57HbkFESSt3Y9+FBICv+0jFceJFPWDePYlR/iMGrwM5ph+Dd4XRQs+8X+PUFURLQgX9ChPfhJ/1uNQw==
  dependencies:
    "@octokit/types" "^13.1.0"
    universal-user-agent "^6.0.0"

"@octokit/graphql@^7.1.0":
  version "7.1.0"
  resolved "https://registry.yarnpkg.com/@octokit/graphql/-/graphql-7.1.0.tgz#9bc1c5de92f026648131f04101cab949eeffe4e0"
  integrity sha512-r+oZUH7aMFui1ypZnAvZmn0KSqAUgE1/tUXIWaqUCa1758ts/Jio84GZuzsvUkme98kv0WFY8//n0J1Z+vsIsQ==
  dependencies:
    "@octokit/request" "^8.3.0"
    "@octokit/types" "^13.0.0"
    universal-user-agent "^6.0.0"

"@octokit/openapi-types@^20.0.0":
  version "20.0.0"
  resolved "https://registry.yarnpkg.com/@octokit/openapi-types/-/openapi-types-20.0.0.tgz#9ec2daa0090eeb865ee147636e0c00f73790c6e5"
  integrity sha512-EtqRBEjp1dL/15V7WiX5LJMIxxkdiGJnabzYx5Apx4FkQIFgAfKumXeYAqqJCj1s+BMX4cPFIFC4OLCR6stlnA==

"@octokit/openapi-types@^22.2.0":
  version "22.2.0"
  resolved "https://registry.yarnpkg.com/@octokit/openapi-types/-/openapi-types-22.2.0.tgz#75aa7dcd440821d99def6a60b5f014207ae4968e"
  integrity sha512-QBhVjcUa9W7Wwhm6DBFu6ZZ+1/t/oYxqc2tp81Pi41YNuJinbFRx8B133qVOrAaBbF7D/m0Et6f9/pZt9Rc+tg==

"@octokit/openapi-types@^25.0.0":
  version "25.0.0"
  resolved "https://registry.yarnpkg.com/@octokit/openapi-types/-/openapi-types-25.0.0.tgz#adeead36992abf966e89dcd53518d8b0dc910e0d"
  integrity sha512-FZvktFu7HfOIJf2BScLKIEYjDsw6RKc7rBJCdvCTfKsVnx2GEB/Nbzjr29DUdb7vQhlzS/j8qDzdditP0OC6aw==

"@octokit/plugin-paginate-rest@^9.0.0":
  version "9.2.2"
  resolved "https://registry.yarnpkg.com/@octokit/plugin-paginate-rest/-/plugin-paginate-rest-9.2.2.tgz#c516bc498736bcdaa9095b9a1d10d9d0501ae831"
  integrity sha512-u3KYkGF7GcZnSD/3UP0S7K5XUFT2FkOQdcfXZGZQPGv3lm4F2Xbf71lvjldr8c1H3nNbF+33cLEkWYbokGWqiQ==
  dependencies:
    "@octokit/types" "^12.6.0"

"@octokit/plugin-rest-endpoint-methods@^10.0.0":
  version "10.4.1"
  resolved "https://registry.yarnpkg.com/@octokit/plugin-rest-endpoint-methods/-/plugin-rest-endpoint-methods-10.4.1.tgz#41ba478a558b9f554793075b2e20cd2ef973be17"
  integrity sha512-xV1b+ceKV9KytQe3zCVqjg+8GTGfDYwaT1ATU5isiUyVtlVAO3HNdzpS4sr4GBx4hxQ46s7ITtZrAsxG22+rVg==
  dependencies:
    "@octokit/types" "^12.6.0"

"@octokit/request-error@^5.1.0", "@octokit/request-error@^5.1.1":
  version "5.1.1"
  resolved "https://registry.yarnpkg.com/@octokit/request-error/-/request-error-5.1.1.tgz#b9218f9c1166e68bb4d0c89b638edc62c9334805"
  integrity sha512-v9iyEQJH6ZntoENr9/yXxjuezh4My67CBSu9r6Ve/05Iu5gNgnisNWOsoJHTP6k0Rr0+HQIpnH+kyammu90q/g==
  dependencies:
    "@octokit/types" "^13.1.0"
    deprecation "^2.0.0"
    once "^1.4.0"

"@octokit/request@^8.3.0", "@octokit/request@^8.3.1":
  version "8.4.1"
  resolved "https://registry.yarnpkg.com/@octokit/request/-/request-8.4.1.tgz#715a015ccf993087977ea4365c44791fc4572486"
  integrity sha512-qnB2+SY3hkCmBxZsR/MPCybNmbJe4KAlfWErXq+rBKkQJlbjdJeS85VI9r8UqeLYLvnAenU8Q1okM/0MBsAGXw==
  dependencies:
    "@octokit/endpoint" "^9.0.6"
    "@octokit/request-error" "^5.1.1"
    "@octokit/types" "^13.1.0"
    universal-user-agent "^6.0.0"

"@octokit/types@^12.6.0":
  version "12.6.0"
  resolved "https://registry.yarnpkg.com/@octokit/types/-/types-12.6.0.tgz#8100fb9eeedfe083aae66473bd97b15b62aedcb2"
  integrity sha512-1rhSOfRa6H9w4YwK0yrf5faDaDTb+yLyBUKOCV4xtCDB5VmIPqd/v9yr9o6SAzOAlRxMiRiCic6JVM1/kunVkw==
  dependencies:
    "@octokit/openapi-types" "^20.0.0"

"@octokit/types@^13.0.0", "@octokit/types@^13.1.0":
  version "13.5.0"
  resolved "https://registry.yarnpkg.com/@octokit/types/-/types-13.5.0.tgz#4796e56b7b267ebc7c921dcec262b3d5bfb18883"
  integrity sha512-HdqWTf5Z3qwDVlzCrP8UJquMwunpDiMPt5er+QjGzL4hqr/vBVY/MauQgS1xWxCDT1oMx1EULyqxncdCY/NVSQ==
  dependencies:
    "@octokit/openapi-types" "^22.2.0"

"@octokit/types@^14.0.0":
  version "14.0.0"
  resolved "https://registry.yarnpkg.com/@octokit/types/-/types-14.0.0.tgz#bbd1d31e2269940789ef143b1c37918aae09adc4"
  integrity sha512-VVmZP0lEhbo2O1pdq63gZFiGCKkm8PPp8AUOijlwPO6hojEVjspA0MWKP7E4hbvGxzFKNqKr6p0IYtOH/Wf/zA==
  dependencies:
    "@octokit/openapi-types" "^25.0.0"

"@octokit/webhooks-definitions@^3.67.3":
  version "3.67.3"
  resolved "https://registry.yarnpkg.com/@octokit/webhooks-definitions/-/webhooks-definitions-3.67.3.tgz#d2a905a90b04af8111982d0c13658a49fc4eecb9"
  integrity sha512-do4Z1r2OVhuI0ihJhQ8Hg+yPWnBYEBNuFNCrvtPKoYT1w81jD7pBXgGe86lYuuNirkDHb0Nxt+zt4O5GiFJfgA==

"@rollup/rollup-android-arm-eabi@4.40.1":
  version "4.40.1"
  resolved "https://registry.yarnpkg.com/@rollup/rollup-android-arm-eabi/-/rollup-android-arm-eabi-4.40.1.tgz#e1562d360bca73c7bef6feef86098de3a2f1d442"
  integrity sha512-kxz0YeeCrRUHz3zyqvd7n+TVRlNyTifBsmnmNPtk3hQURUyG9eAB+usz6DAwagMusjx/zb3AjvDUvhFGDAexGw==

"@rollup/rollup-android-arm64@4.40.1":
  version "4.40.1"
  resolved "https://registry.yarnpkg.com/@rollup/rollup-android-arm64/-/rollup-android-arm64-4.40.1.tgz#37ba63940211673e15dcc5f469a78e34276dbca7"
  integrity sha512-PPkxTOisoNC6TpnDKatjKkjRMsdaWIhyuMkA4UsBXT9WEZY4uHezBTjs6Vl4PbqQQeu6oION1w2voYZv9yquCw==

"@rollup/rollup-darwin-arm64@4.40.1":
  version "4.40.1"
  resolved "https://registry.yarnpkg.com/@rollup/rollup-darwin-arm64/-/rollup-darwin-arm64-4.40.1.tgz#58b1eb86d997d71dabc5b78903233a3c27438ca0"
  integrity sha512-VWXGISWFY18v/0JyNUy4A46KCFCb9NVsH+1100XP31lud+TzlezBbz24CYzbnA4x6w4hx+NYCXDfnvDVO6lcAA==

"@rollup/rollup-darwin-x64@4.40.1":
  version "4.40.1"
  resolved "https://registry.yarnpkg.com/@rollup/rollup-darwin-x64/-/rollup-darwin-x64-4.40.1.tgz#5e22dab3232b1e575d930ce891abb18fe19c58c9"
  integrity sha512-nIwkXafAI1/QCS7pxSpv/ZtFW6TXcNUEHAIA9EIyw5OzxJZQ1YDrX+CL6JAIQgZ33CInl1R6mHet9Y/UZTg2Bw==

"@rollup/rollup-freebsd-arm64@4.40.1":
  version "4.40.1"
  resolved "https://registry.yarnpkg.com/@rollup/rollup-freebsd-arm64/-/rollup-freebsd-arm64-4.40.1.tgz#04c892d9ff864d66e31419634726ab0bebb33707"
  integrity sha512-BdrLJ2mHTrIYdaS2I99mriyJfGGenSaP+UwGi1kB9BLOCu9SR8ZpbkmmalKIALnRw24kM7qCN0IOm6L0S44iWw==

"@rollup/rollup-freebsd-x64@4.40.1":
  version "4.40.1"
  resolved "https://registry.yarnpkg.com/@rollup/rollup-freebsd-x64/-/rollup-freebsd-x64-4.40.1.tgz#f4b1e091f7cf5afc9e3a029d70128ad56409ecfb"
  integrity sha512-VXeo/puqvCG8JBPNZXZf5Dqq7BzElNJzHRRw3vjBE27WujdzuOPecDPc/+1DcdcTptNBep3861jNq0mYkT8Z6Q==

"@rollup/rollup-linux-arm-gnueabihf@4.40.1":
  version "4.40.1"
  resolved "https://registry.yarnpkg.com/@rollup/rollup-linux-arm-gnueabihf/-/rollup-linux-arm-gnueabihf-4.40.1.tgz#c8814bb5ce047a81b1fe4a33628dfd4ac52bd864"
  integrity sha512-ehSKrewwsESPt1TgSE/na9nIhWCosfGSFqv7vwEtjyAqZcvbGIg4JAcV7ZEh2tfj/IlfBeZjgOXm35iOOjadcg==

"@rollup/rollup-linux-arm-musleabihf@4.40.1":
  version "4.40.1"
  resolved "https://registry.yarnpkg.com/@rollup/rollup-linux-arm-musleabihf/-/rollup-linux-arm-musleabihf-4.40.1.tgz#5b4e7bd83cbebbf5ffe958802dcfd4ee34bf73a3"
  integrity sha512-m39iO/aaurh5FVIu/F4/Zsl8xppd76S4qoID8E+dSRQvTyZTOI2gVk3T4oqzfq1PtcvOfAVlwLMK3KRQMaR8lg==

"@rollup/rollup-linux-arm64-gnu@4.40.1":
  version "4.40.1"
  resolved "https://registry.yarnpkg.com/@rollup/rollup-linux-arm64-gnu/-/rollup-linux-arm64-gnu-4.40.1.tgz#141c848e53cee011e82a11777b8a51f1b3e8d77c"
  integrity sha512-Y+GHnGaku4aVLSgrT0uWe2o2Rq8te9hi+MwqGF9r9ORgXhmHK5Q71N757u0F8yU1OIwUIFy6YiJtKjtyktk5hg==

"@rollup/rollup-linux-arm64-musl@4.40.1":
  version "4.40.1"
  resolved "https://registry.yarnpkg.com/@rollup/rollup-linux-arm64-musl/-/rollup-linux-arm64-musl-4.40.1.tgz#22ebeaf2fa301aa4aa6c84b760e6cd1d1ac7eb1e"
  integrity sha512-jEwjn3jCA+tQGswK3aEWcD09/7M5wGwc6+flhva7dsQNRZZTe30vkalgIzV4tjkopsTS9Jd7Y1Bsj6a4lzz8gQ==

"@rollup/rollup-linux-loongarch64-gnu@4.40.1":
  version "4.40.1"
  resolved "https://registry.yarnpkg.com/@rollup/rollup-linux-loongarch64-gnu/-/rollup-linux-loongarch64-gnu-4.40.1.tgz#20b77dc78e622f5814ff8e90c14c938ceb8043bc"
  integrity sha512-ySyWikVhNzv+BV/IDCsrraOAZ3UaC8SZB67FZlqVwXwnFhPihOso9rPOxzZbjp81suB1O2Topw+6Ug3JNegejQ==

"@rollup/rollup-linux-powerpc64le-gnu@4.40.1":
  version "4.40.1"
  resolved "https://registry.yarnpkg.com/@rollup/rollup-linux-powerpc64le-gnu/-/rollup-linux-powerpc64le-gnu-4.40.1.tgz#2c90f99c987ef1198d4f8d15d754c286e1f07b13"
  integrity sha512-BvvA64QxZlh7WZWqDPPdt0GH4bznuL6uOO1pmgPnnv86rpUpc8ZxgZwcEgXvo02GRIZX1hQ0j0pAnhwkhwPqWg==

"@rollup/rollup-linux-riscv64-gnu@4.40.1":
  version "4.40.1"
  resolved "https://registry.yarnpkg.com/@rollup/rollup-linux-riscv64-gnu/-/rollup-linux-riscv64-gnu-4.40.1.tgz#9336fd5e47d7f4760d02aa85f76976176eef53ca"
  integrity sha512-EQSP+8+1VuSulm9RKSMKitTav89fKbHymTf25n5+Yr6gAPZxYWpj3DzAsQqoaHAk9YX2lwEyAf9S4W8F4l3VBQ==

"@rollup/rollup-linux-riscv64-musl@4.40.1":
  version "4.40.1"
  resolved "https://registry.yarnpkg.com/@rollup/rollup-linux-riscv64-musl/-/rollup-linux-riscv64-musl-4.40.1.tgz#d75b4d54d46439bb5c6c13762788f57e798f5670"
  integrity sha512-n/vQ4xRZXKuIpqukkMXZt9RWdl+2zgGNx7Uda8NtmLJ06NL8jiHxUawbwC+hdSq1rrw/9CghCpEONor+l1e2gA==

"@rollup/rollup-linux-s390x-gnu@4.40.1":
  version "4.40.1"
  resolved "https://registry.yarnpkg.com/@rollup/rollup-linux-s390x-gnu/-/rollup-linux-s390x-gnu-4.40.1.tgz#e9f09b802f1291839247399028beaef9ce034c81"
  integrity sha512-h8d28xzYb98fMQKUz0w2fMc1XuGzLLjdyxVIbhbil4ELfk5/orZlSTpF/xdI9C8K0I8lCkq+1En2RJsawZekkg==

"@rollup/rollup-linux-x64-gnu@4.40.1":
  version "4.40.1"
  resolved "https://registry.yarnpkg.com/@rollup/rollup-linux-x64-gnu/-/rollup-linux-x64-gnu-4.40.1.tgz#0413169dc00470667dea8575c1129d4e7a73eb29"
  integrity sha512-XiK5z70PEFEFqcNj3/zRSz/qX4bp4QIraTy9QjwJAb/Z8GM7kVUsD0Uk8maIPeTyPCP03ChdI+VVmJriKYbRHQ==

"@rollup/rollup-linux-x64-musl@4.40.1":
  version "4.40.1"
  resolved "https://registry.yarnpkg.com/@rollup/rollup-linux-x64-musl/-/rollup-linux-x64-musl-4.40.1.tgz#c76fd593323c60ea219439a00da6c6d33ffd0ea6"
  integrity sha512-2BRORitq5rQ4Da9blVovzNCMaUlyKrzMSvkVR0D4qPuOy/+pMCrh1d7o01RATwVy+6Fa1WBw+da7QPeLWU/1mQ==

"@rollup/rollup-win32-arm64-msvc@4.40.1":
  version "4.40.1"
  resolved "https://registry.yarnpkg.com/@rollup/rollup-win32-arm64-msvc/-/rollup-win32-arm64-msvc-4.40.1.tgz#c7724c386eed0bda5ae7143e4081c1910cab349b"
  integrity sha512-b2bcNm9Kbde03H+q+Jjw9tSfhYkzrDUf2d5MAd1bOJuVplXvFhWz7tRtWvD8/ORZi7qSCy0idW6tf2HgxSXQSg==

"@rollup/rollup-win32-ia32-msvc@4.40.1":
  version "4.40.1"
  resolved "https://registry.yarnpkg.com/@rollup/rollup-win32-ia32-msvc/-/rollup-win32-ia32-msvc-4.40.1.tgz#7749e1b65cb64fe6d41ad1ad9e970a0ccc8ac350"
  integrity sha512-DfcogW8N7Zg7llVEfpqWMZcaErKfsj9VvmfSyRjCyo4BI3wPEfrzTtJkZG6gKP/Z92wFm6rz2aDO7/JfiR/whA==

"@rollup/rollup-win32-x64-msvc@4.40.1":
  version "4.40.1"
  resolved "https://registry.yarnpkg.com/@rollup/rollup-win32-x64-msvc/-/rollup-win32-x64-msvc-4.40.1.tgz#8078b71fe0d5825dcbf83d52a7dc858b39da165c"
  integrity sha512-ECyOuDeH3C1I8jH2MK1RtBJW+YPMvSfT0a5NN0nHfQYnDSJ6tUiZH3gzwVP5/Kfh/+Tt7tpWVF9LXNTnhTJ3kA==

"@types/estree@1.0.7":
  version "1.0.7"
  resolved "https://registry.yarnpkg.com/@types/estree/-/estree-1.0.7.tgz#4158d3105276773d5b7695cd4834b1722e4f37a8"
  integrity sha512-w28IoSUCJpidD/TGviZwwMJckNESJZXFu7NBZ5YJ4mEUnNraUn9Pm8HSZm/jDF1pDWYKspWE7oVphigUPRakIQ==

before-after-hook@^2.2.0:
  version "2.2.3"
  resolved "https://registry.yarnpkg.com/before-after-hook/-/before-after-hook-2.2.3.tgz#c51e809c81a4e354084422b9b26bad88249c517c"
  integrity sha512-NzUnlZexiaH/46WDhANlyR2bXRopNg4F/zuSA3OpZnllCUgRaOF2znDioDWrmbNVsuZk6l9pMquQB38cfBZwkQ==

deprecation@^2.0.0:
  version "2.3.1"
  resolved "https://registry.yarnpkg.com/deprecation/-/deprecation-2.3.1.tgz#6368cbdb40abf3373b525ac87e4a260c3a700919"
  integrity sha512-xmHIy4F3scKVwMsQ4WnVaS8bHOx0DmVwRywosKhaILI0ywMDWPtBSku2HNxRvF7jtwDRsoEwYQSfbxj8b7RlJQ==

esbuild@^0.25.3:
  version "0.25.3"
  resolved "https://registry.yarnpkg.com/esbuild/-/esbuild-0.25.3.tgz#371f7cb41283e5b2191a96047a7a89562965a285"
  integrity sha512-qKA6Pvai73+M2FtftpNKRxJ78GIjmFXFxd/1DVBqGo/qNhLSfv+G12n9pNoWdytJC8U00TrViOwpjT0zgqQS8Q==
  optionalDependencies:
    "@esbuild/aix-ppc64" "0.25.3"
    "@esbuild/android-arm" "0.25.3"
    "@esbuild/android-arm64" "0.25.3"
    "@esbuild/android-x64" "0.25.3"
    "@esbuild/darwin-arm64" "0.25.3"
    "@esbuild/darwin-x64" "0.25.3"
    "@esbuild/freebsd-arm64" "0.25.3"
    "@esbuild/freebsd-x64" "0.25.3"
    "@esbuild/linux-arm" "0.25.3"
    "@esbuild/linux-arm64" "0.25.3"
    "@esbuild/linux-ia32" "0.25.3"
    "@esbuild/linux-loong64" "0.25.3"
    "@esbuild/linux-mips64el" "0.25.3"
    "@esbuild/linux-ppc64" "0.25.3"
    "@esbuild/linux-riscv64" "0.25.3"
    "@esbuild/linux-s390x" "0.25.3"
    "@esbuild/linux-x64" "0.25.3"
    "@esbuild/netbsd-arm64" "0.25.3"
    "@esbuild/netbsd-x64" "0.25.3"
    "@esbuild/openbsd-arm64" "0.25.3"
    "@esbuild/openbsd-x64" "0.25.3"
    "@esbuild/sunos-x64" "0.25.3"
    "@esbuild/win32-arm64" "0.25.3"
    "@esbuild/win32-ia32" "0.25.3"
    "@esbuild/win32-x64" "0.25.3"

fsevents@~2.3.2:
  version "2.3.3"
  resolved "https://registry.yarnpkg.com/fsevents/-/fsevents-2.3.3.tgz#cac6407785d03675a2a5e1a5305c697b347d90d6"
  integrity sha512-5xoDfX+fL7faATnagmWPpbFtwh/R77WmMMqqHGS65C3vvB0YHrgF+B1YmZ3441tMj5n63k0212XNoJwzlhffQw==

once@^1.4.0:
  version "1.4.0"
  resolved "https://registry.yarnpkg.com/once/-/once-1.4.0.tgz#583b1aa775961d4b113ac17d9c50baef9dd76bd1"
  integrity sha512-lNaJgI+2Q5URQBkccEKHTQOPaXdUxnZZElQTZY0MFUAuaEqe1E+Nyvgdz/aIyNi6Z9MzO5dv1H8n58/GELp3+w==
  dependencies:
    wrappy "1"

rollup@^4.40.1:
  version "4.40.1"
  resolved "https://registry.yarnpkg.com/rollup/-/rollup-4.40.1.tgz#03d6c53ebb6a9c2c060ae686a61e72a2472b366f"
  integrity sha512-C5VvvgCCyfyotVITIAv+4efVytl5F7wt+/I2i9q9GZcEXW9BP52YYOXC58igUi+LFZVHukErIIqQSWwv/M3WRw==
  dependencies:
    "@types/estree" "1.0.7"
  optionalDependencies:
    "@rollup/rollup-android-arm-eabi" "4.40.1"
    "@rollup/rollup-android-arm64" "4.40.1"
    "@rollup/rollup-darwin-arm64" "4.40.1"
    "@rollup/rollup-darwin-x64" "4.40.1"
    "@rollup/rollup-freebsd-arm64" "4.40.1"
    "@rollup/rollup-freebsd-x64" "4.40.1"
    "@rollup/rollup-linux-arm-gnueabihf" "4.40.1"
    "@rollup/rollup-linux-arm-musleabihf" "4.40.1"
    "@rollup/rollup-linux-arm64-gnu" "4.40.1"
    "@rollup/rollup-linux-arm64-musl" "4.40.1"
    "@rollup/rollup-linux-loongarch64-gnu" "4.40.1"
    "@rollup/rollup-linux-powerpc64le-gnu" "4.40.1"
    "@rollup/rollup-linux-riscv64-gnu" "4.40.1"
    "@rollup/rollup-linux-riscv64-musl" "4.40.1"
    "@rollup/rollup-linux-s390x-gnu" "4.40.1"
    "@rollup/rollup-linux-x64-gnu" "4.40.1"
    "@rollup/rollup-linux-x64-musl" "4.40.1"
    "@rollup/rollup-win32-arm64-msvc" "4.40.1"
    "@rollup/rollup-win32-ia32-msvc" "4.40.1"
    "@rollup/rollup-win32-x64-msvc" "4.40.1"
    fsevents "~2.3.2"

tunnel@^0.0.6:
  version "0.0.6"
  resolved "https://registry.yarnpkg.com/tunnel/-/tunnel-0.0.6.tgz#72f1314b34a5b192db012324df2cc587ca47f92c"
  integrity sha512-1h/Lnq9yajKY2PEbBadPXj3VxsDDu844OnaAo52UVmIzIvwwtBPIuNvkjuzBlTWpfJyUbG3ez0KSBibQkj4ojg==

undici@^5.25.4:
  version "5.28.5"
  resolved "https://registry.yarnpkg.com/undici/-/undici-5.28.5.tgz#b2b94b6bf8f1d919bc5a6f31f2c01deb02e54d4b"
  integrity sha512-zICwjrDrcrUE0pyyJc1I2QzBkLM8FINsgOrt6WjA+BgajVq9Nxu2PbFFXUrAggLfDXlZGZBVZYw7WNV5KiBiBA==
  dependencies:
    "@fastify/busboy" "^2.0.0"

universal-user-agent@^6.0.0:
  version "6.0.1"
  resolved "https://registry.yarnpkg.com/universal-user-agent/-/universal-user-agent-6.0.1.tgz#15f20f55da3c930c57bddbf1734c6654d5fd35aa"
  integrity sha512-yCzhz6FN2wU1NiiQRogkTQszlQSlpWaw8SvVegAc+bDxbzHgh1vX8uIe8OYyMH6DwH+sdTJsgMl36+mSMdRJIQ==

wrappy@1:
  version "1.0.2"
  resolved "https://registry.yarnpkg.com/wrappy/-/wrappy-1.0.2.tgz#b5243d8f3ec1aa35f1364605bc0d1036e30ab69f"
  integrity sha512-l4Sp/DRseor9wL6EvV2+TuQn63dMkPjZ/sp9XkghTEbV9KlPS1xUsZ3u7/IQO4wxtcFB4bgpQPRcR3QCvezPcQ==
